// !$*UTF8*$!
{
	archiveVersion = 1;
	classes = {
	};
	objectVersion = 56;
	objects = {

/* Begin PBXBuildFile section */
		CA3CA4C72C99882400BC8C01 /* CookademyApp.swift in Sources */ = {isa = PBXBuildFile; fileRef = CA3CA4C62C99882400BC8C01 /* CookademyApp.swift */; };
		CA3CA4C92C99882400BC8C01 /* RecipesListView.swift in Sources */ = {isa = PBXBuildFile; fileRef = CA3CA4C82C99882400BC8C01 /* RecipesListView.swift */; };
		CA3CA4CB2C99882400BC8C01 /* Assets.xcassets in Resources */ = {isa = PBXBuildFile; fileRef = CA3CA4CA2C99882400BC8C01 /* Assets.xcassets */; };
		CA3CA4CF2C99882400BC8C01 /* Preview Assets.xcassets in Resources */ = {isa = PBXBuildFile; fileRef = CA3CA4CE2C99882400BC8C01 /* Preview Assets.xcassets */; };
		CA3CA4D62C9989D100BC8C01 /* Recipe.swift in Sources */ = {isa = PBXBuildFile; fileRef = CA3CA4D52C9989D100BC8C01 /* Recipe.swift */; };
		CA3CA4D82C99983D00BC8C01 /* AllRecipes.swift in Sources */ = {isa = PBXBuildFile; fileRef = CA3CA4D72C99983D00BC8C01 /* AllRecipes.swift */; };
		CADB3CCD2C9C0249001891CE /* RecipeData.swift in Sources */ = {isa = PBXBuildFile; fileRef = CADB3CCC2C9C0249001891CE /* RecipeData.swift */; };
		CADB3CCF2C9C08EA001891CE /* RecipeDetailView.swift in Sources */ = {isa = PBXBuildFile; fileRef = CADB3CCE2C9C08EA001891CE /* RecipeDetailView.swift */; };
		CADB3CD12C9C0F29001891CE /* AppColor.swift in Sources */ = {isa = PBXBuildFile; fileRef = CADB3CD02C9C0F29001891CE /* AppColor.swift */; };
/* End PBXBuildFile section */

/* Begin PBXFileReference section */
		CA3CA4C32C99882400BC8C01 /* Cookademy.app */ = {isa = PBXFileReference; explicitFileType = wrapper.application; includeInIndex = 0; path = Cookademy.app; sourceTree = BUILT_PRODUCTS_DIR; };
		CA3CA4C62C99882400BC8C01 /* CookademyApp.swift */ = {isa = PBXFileReference; lastKnownFileType = sourcecode.swift; path = CookademyApp.swift; sourceTree = "<group>"; };
		CA3CA4C82C99882400BC8C01 /* RecipesListView.swift */ = {isa = PBXFileReference; lastKnownFileType = sourcecode.swift; path = RecipesListView.swift; sourceTree = "<group>"; };
		CA3CA4CA2C99882400BC8C01 /* Assets.xcassets */ = {isa = PBXFileReference; lastKnownFileType = folder.assetcatalog; path = Assets.xcassets; sourceTree = "<group>"; };
		CA3CA4CC2C99882400BC8C01 /* Cookademy.entitlements */ = {isa = PBXFileReference; lastKnownFileType = text.plist.entitlements; path = Cookademy.entitlements; sourceTree = "<group>"; };
		CA3CA4CE2C99882400BC8C01 /* Preview Assets.xcassets */ = {isa = PBXFileReference; lastKnownFileType = folder.assetcatalog; path = "Preview Assets.xcassets"; sourceTree = "<group>"; };
		CA3CA4D52C9989D100BC8C01 /* Recipe.swift */ = {isa = PBXFileReference; lastKnownFileType = sourcecode.swift; path = Recipe.swift; sourceTree = "<group>"; };
		CA3CA4D72C99983D00BC8C01 /* AllRecipes.swift */ = {isa = PBXFileReference; lastKnownFileType = sourcecode.swift; path = AllRecipes.swift; sourceTree = "<group>"; };
		CADB3CCC2C9C0249001891CE /* RecipeData.swift */ = {isa = PBXFileReference; lastKnownFileType = sourcecode.swift; path = RecipeData.swift; sourceTree = "<group>"; };
		CADB3CCE2C9C08EA001891CE /* RecipeDetailView.swift */ = {isa = PBXFileReference; lastKnownFileType = sourcecode.swift; path = RecipeDetailView.swift; sourceTree = "<group>"; };
		CADB3CD02C9C0F29001891CE /* AppColor.swift */ = {isa = PBXFileReference; lastKnownFileType = sourcecode.swift; path = AppColor.swift; sourceTree = "<group>"; };
/* End PBXFileReference section */

/* Begin PBXFrameworksBuildPhase section */
		CA3CA4C02C99882400BC8C01 /* Frameworks */ = {
			isa = PBXFrameworksBuildPhase;
			buildActionMask = 2147483647;
			files = (
			);
			runOnlyForDeploymentPostprocessing = 0;
		};
/* End PBXFrameworksBuildPhase section */

/* Begin PBXGroup section */
		CA3CA4BA2C99882400BC8C01 = {
			isa = PBXGroup;
			children = (
				CA3CA4C52C99882400BC8C01 /* Cookademy */,
				CA3CA4C42C99882400BC8C01 /* Products */,
			);
			sourceTree = "<group>";
		};
		CA3CA4C42C99882400BC8C01 /* Products */ = {
			isa = PBXGroup;
			children = (
				CA3CA4C32C99882400BC8C01 /* Cookademy.app */,
			);
			name = Products;
			sourceTree = "<group>";
		};
		CA3CA4C52C99882400BC8C01 /* Cookademy */ = {
			isa = PBXGroup;
			children = (
				CA3CA4F52C9BFF8B00BC8C01 /* ViewModels */,
				CA3CA4F42C9BFF7200BC8C01 /* Views */,
				CA3CA4F62C9BFF9200BC8C01 /* Models */,
				CA3CA4C62C99882400BC8C01 /* CookademyApp.swift */,
				CA3CA4D72C99983D00BC8C01 /* AllRecipes.swift */,
				CA3CA4CA2C99882400BC8C01 /* Assets.xcassets */,
				CA3CA4CC2C99882400BC8C01 /* Cookademy.entitlements */,
				CA3CA4CD2C99882400BC8C01 /* Preview Content */,
			);
			path = Cookademy;
			sourceTree = "<group>";
		};
		CA3CA4CD2C99882400BC8C01 /* Preview Content */ = {
			isa = PBXGroup;
			children = (
				CA3CA4CE2C99882400BC8C01 /* Preview Assets.xcassets */,
			);
			path = "Preview Content";
			sourceTree = "<group>";
		};
		CA3CA4F42C9BFF7200BC8C01 /* Views */ = {
			isa = PBXGroup;
			children = (
				CA3CA4C82C99882400BC8C01 /* RecipesListView.swift */,
				CADB3CCE2C9C08EA001891CE /* RecipeDetailView.swift */,
			);
			path = Views;
			sourceTree = "<group>";
		};
		CA3CA4F52C9BFF8B00BC8C01 /* ViewModels */ = {
			isa = PBXGroup;
			children = (
				CADB3CCC2C9C0249001891CE /* RecipeData.swift */,
				CADB3CD02C9C0F29001891CE /* AppColor.swift */,
			);
			path = ViewModels;
			sourceTree = "<group>";
		};
		CA3CA4F62C9BFF9200BC8C01 /* Models */ = {
			isa = PBXGroup;
			children = (
				CA3CA4D52C9989D100BC8C01 /* Recipe.swift */,
			);
			path = Models;
			sourceTree = "<group>";
		};
/* End PBXGroup section */

/* Begin PBXNativeTarget section */
		CA3CA4C22C99882400BC8C01 /* Cookademy */ = {
			isa = PBXNativeTarget;
			buildConfigurationList = CA3CA4D22C99882400BC8C01 /* Build configuration list for PBXNativeTarget "Cookademy" */;
			buildPhases = (
				CA3CA4BF2C99882400BC8C01 /* Sources */,
				CA3CA4C02C99882400BC8C01 /* Frameworks */,
				CA3CA4C12C99882400BC8C01 /* Resources */,
			);
			buildRules = (
			);
			dependencies = (
			);
			name = Cookademy;
			productName = Cookademy;
			productReference = CA3CA4C32C99882400BC8C01 /* Cookademy.app */;
			productType = "com.apple.product-type.application";
		};
/* End PBXNativeTarget section */

/* Begin PBXProject section */
		CA3CA4BB2C99882400BC8C01 /* Project object */ = {
			isa = PBXProject;
			attributes = {
				BuildIndependentTargetsInParallel = 1;
				LastSwiftUpdateCheck = 1540;
				LastUpgradeCheck = 1540;
				TargetAttributes = {
					CA3CA4C22C99882400BC8C01 = {
						CreatedOnToolsVersion = 15.4;
					};
				};
			};
			buildConfigurationList = CA3CA4BE2C99882400BC8C01 /* Build configuration list for PBXProject "Cookademy" */;
			compatibilityVersion = "Xcode 14.0";
			developmentRegion = en;
			hasScannedForEncodings = 0;
			knownRegions = (
				en,
				Base,
			);
			mainGroup = CA3CA4BA2C99882400BC8C01;
			productRefGroup = CA3CA4C42C99882400BC8C01 /* Products */;
			projectDirPath = "";
			projectRoot = "";
			targets = (
				CA3CA4C22C99882400BC8C01 /* Cookademy */,
			);
		};
/* End PBXProject section */

/* Begin PBXResourcesBuildPhase section */
		CA3CA4C12C99882400BC8C01 /* Resources */ = {
			isa = PBXResourcesBuildPhase;
			buildActionMask = 2147483647;
			files = (
				CA3CA4CF2C99882400BC8C01 /* Preview Assets.xcassets in Resources */,
				CA3CA4CB2C99882400BC8C01 /* Assets.xcassets in Resources */,
			);
			runOnlyForDeploymentPostprocessing = 0;
		};
/* End PBXResourcesBuildPhase section */

/* Begin PBXSourcesBuildPhase section */
		CA3CA4BF2C99882400BC8C01 /* Sources */ = {
			isa = PBXSourcesBuildPhase;
			buildActionMask = 2147483647;
			files = (
				CA3CA4D62C9989D100BC8C01 /* Recipe.swift in Sources */,
				CADB3CCF2C9C08EA001891CE /* RecipeDetailView.swift in Sources */,
				CA3CA4C92C99882400BC8C01 /* RecipesListView.swift in Sources */,
				CADB3CD12C9C0F29001891CE /* AppColor.swift in Sources */,
				CADB3CCD2C9C0249001891CE /* RecipeData.swift in Sources */,
				CA3CA4C72C99882400BC8C01 /* CookademyApp.swift in Sources */,
				CA3CA4D82C99983D00BC8C01 /* AllRecipes.swift in Sources */,
			);
			runOnlyForDeploymentPostprocessing = 0;
		};
/* End PBXSourcesBuildPhase section */

/* Begin XCBuildConfiguration section */
		CA3CA4D02C99882400BC8C01 /* Debug */ = {
			isa = XCBuildConfiguration;
			buildSettings = {
				ALWAYS_SEARCH_USER_PATHS = NO;
				ASSETCATALOG_COMPILER_GENERATE_SWIFT_ASSET_SYMBOL_EXTENSIONS = YES;
				CLANG_ANALYZER_NONNULL = YES;
				CLANG_ANALYZER_NUMBER_OBJECT_CONVERSION = YES_AGGRESSIVE;
				CLANG_CXX_LANGUAGE_STANDARD = "gnu++20";
				CLANG_ENABLE_MODULES = YES;
				CLANG_ENABLE_OBJC_ARC = YES;
				CLANG_ENABLE_OBJC_WEAK = YES;
				CLANG_WARN_BLOCK_CAPTURE_AUTORELEASING = YES;
				CLANG_WARN_BOOL_CONVERSION = YES;
				CLANG_WARN_COMMA = YES;
				CLANG_WARN_CONSTANT_CONVERSION = YES;
				CLANG_WARN_DEPRECATED_OBJC_IMPLEMENTATIONS = YES;
				CLANG_WARN_DIRECT_OBJC_ISA_USAGE = YES_ERROR;
				CLANG_WARN_DOCUMENTATION_COMMENTS = YES;
				CLANG_WARN_EMPTY_BODY = YES;
				CLANG_WARN_ENUM_CONVERSION = YES;
				CLANG_WARN_INFINITE_RECURSION = YES;
				CLANG_WARN_INT_CONVERSION = YES;
				CLANG_WARN_NON_LITERAL_NULL_CONVERSION = YES;
				CLANG_WARN_OBJC_IMPLICIT_RETAIN_SELF = YES;
				CLANG_WARN_OBJC_LITERAL_CONVERSION = YES;
				CLANG_WARN_OBJC_ROOT_CLASS = YES_ERROR;
				CLANG_WARN_QUOTED_INCLUDE_IN_FRAMEWORK_HEADER = YES;
				CLANG_WARN_RANGE_LOOP_ANALYSIS = YES;
				CLANG_WARN_STRICT_PROTOTYPES = YES;
				CLANG_WARN_SUSPICIOUS_MOVE = YES;
				CLANG_WARN_UNGUARDED_AVAILABILITY = YES_AGGRESSIVE;
				CLANG_WARN_UNREACHABLE_CODE = YES;
				CLANG_WARN__DUPLICATE_METHOD_MATCH = YES;
				COPY_PHASE_STRIP = NO;
				DEBUG_INFORMATION_FORMAT = dwarf;
				ENABLE_STRICT_OBJC_MSGSEND = YES;
				ENABLE_TESTABILITY = YES;
				ENABLE_USER_SCRIPT_SANDBOXING = YES;
				GCC_C_LANGUAGE_STANDARD = gnu17;
				GCC_DYNAMIC_NO_PIC = NO;
				GCC_NO_COMMON_BLOCKS = YES;
				GCC_OPTIMIZATION_LEVEL = 0;
				GCC_PREPROCESSOR_DEFINITIONS = (
					"DEBUG=1",
					"$(inherited)",
				);
				GCC_WARN_64_TO_32_BIT_CONVERSION = YES;
				GCC_WARN_ABOUT_RETURN_TYPE = YES_ERROR;
				GCC_WARN_UNDECLARED_SELECTOR = YES;
				GCC_WARN_UNINITIALIZED_AUTOS = YES_AGGRESSIVE;
				GCC_WARN_UNUSED_FUNCTION = YES;
				GCC_WARN_UNUSED_VARIABLE = YES;
				LOCALIZATION_PREFERS_STRING_CATALOGS = YES;
				MTL_ENABLE_DEBUG_INFO = INCLUDE_SOURCE;
				MTL_FAST_MATH = YES;
				ONLY_ACTIVE_ARCH = YES;
				SWIFT_ACTIVE_COMPILATION_CONDITIONS = "DEBUG $(inherited)";
				SWIFT_OPTIMIZATION_LEVEL = "-Onone";
			};
			name = Debug;
		};
		CA3CA4D12C99882400BC8C01 /* Release */ = {
			isa = XCBuildConfiguration;
			buildSettings = {
				ALWAYS_SEARCH_USER_PATHS = NO;
				ASSETCATALOG_COMPILER_GENERATE_SWIFT_ASSET_SYMBOL_EXTENSIONS = YES;
				CLANG_ANALYZER_NONNULL = YES;
				CLANG_ANALYZER_NUMBER_OBJECT_CONVERSION = YES_AGGRESSIVE;
				CLANG_CXX_LANGUAGE_STANDARD = "gnu++20";
				CLANG_ENABLE_MODULES = YES;
				CLANG_ENABLE_OBJC_ARC = YES;
				CLANG_ENABLE_OBJC_WEAK = YES;
				CLANG_WARN_BLOCK_CAPTURE_AUTORELEASING = YES;
				CLANG_WARN_BOOL_CONVERSION = YES;
				CLANG_WARN_COMMA = YES;
				CLANG_WARN_CONSTANT_CONVERSION = YES;
				CLANG_WARN_DEPRECATED_OBJC_IMPLEMENTATIONS = YES;
				CLANG_WARN_DIRECT_OBJC_ISA_USAGE = YES_ERROR;
				CLANG_WARN_DOCUMENTATION_COMMENTS = YES;
				CLANG_WARN_EMPTY_BODY = YES;
				CLANG_WARN_ENUM_CONVERSION = YES;
				CLANG_WARN_INFINITE_RECURSION = YES;
				CLANG_WARN_INT_CONVERSION = YES;
				CLANG_WARN_NON_LITERAL_NULL_CONVERSION = YES;
				CLANG_WARN_OBJC_IMPLICIT_RETAIN_SELF = YES;
				CLANG_WARN_OBJC_LITERAL_CONVERSION = YES;
				CLANG_WARN_OBJC_ROOT_CLASS = YES_ERROR;
				CLANG_WARN_QUOTED_INCLUDE_IN_FRAMEWORK_HEADER = YES;
				CLANG_WARN_RANGE_LOOP_ANALYSIS = YES;
				CLANG_WARN_STRICT_PROTOTYPES = YES;
				CLANG_WARN_SUSPICIOUS_MOVE = YES;
				CLANG_WARN_UNGUARDED_AVAILABILITY = YES_AGGRESSIVE;
				CLANG_WARN_UNREACHABLE_CODE = YES;
				CLANG_WARN__DUPLICATE_METHOD_MATCH = YES;
				COPY_PHASE_STRIP = NO;
				DEBUG_INFORMATION_FORMAT = "dwarf-with-dsym";
				ENABLE_NS_ASSERTIONS = NO;
				ENABLE_STRICT_OBJC_MSGSEND = YES;
				ENABLE_USER_SCRIPT_SANDBOXING = YES;
				GCC_C_LANGUAGE_STANDARD = gnu17;
				GCC_NO_COMMON_BLOCKS = YES;
				GCC_WARN_64_TO_32_BIT_CONVERSION = YES;
				GCC_WARN_ABOUT_RETURN_TYPE = YES_ERROR;
				GCC_WARN_UNDECLARED_SELECTOR = YES;
				GCC_WARN_UNINITIALIZED_AUTOS = YES_AGGRESSIVE;
				GCC_WARN_UNUSED_FUNCTION = YES;
				GCC_WARN_UNUSED_VARIABLE = YES;
				LOCALIZATION_PREFERS_STRING_CATALOGS = YES;
				MTL_ENABLE_DEBUG_INFO = NO;
				MTL_FAST_MATH = YES;
				SWIFT_COMPILATION_MODE = wholemodule;
			};
			name = Release;
		};
		CA3CA4D32C99882400BC8C01 /* Debug */ = {
			isa = XCBuildConfiguration;
			buildSettings = {
				ASSETCATALOG_COMPILER_APPICON_NAME = AppIcon;
				ASSETCATALOG_COMPILER_GLOBAL_ACCENT_COLOR_NAME = AccentColor;
				CODE_SIGN_ENTITLEMENTS = Cookademy/Cookademy.entitlements;
				CODE_SIGN_STYLE = Automatic;
				CURRENT_PROJECT_VERSION = 1;
				DEVELOPMENT_ASSET_PATHS = "\"Cookademy/Preview Content\"";
				DEVELOPMENT_TEAM = UC3956W482;
				ENABLE_HARDENED_RUNTIME = YES;
				ENABLE_PREVIEWS = YES;
				GENERATE_INFOPLIST_FILE = YES;
				"INFOPLIST_KEY_UIApplicationSceneManifest_Generation[sdk=iphoneos*]" = YES;
				"INFOPLIST_KEY_UIApplicationSceneManifest_Generation[sdk=iphonesimulator*]" = YES;
				"INFOPLIST_KEY_UIApplicationSupportsIndirectInputEvents[sdk=iphoneos*]" = YES;
				"INFOPLIST_KEY_UIApplicationSupportsIndirectInputEvents[sdk=iphonesimulator*]" = YES;
				"INFOPLIST_KEY_UILaunchScreen_Generation[sdk=iphoneos*]" = YES;
				"INFOPLIST_KEY_UILaunchScreen_Generation[sdk=iphonesimulator*]" = YES;
				"INFOPLIST_KEY_UIStatusBarStyle[sdk=iphoneos*]" = UIStatusBarStyleDefault;
				"INFOPLIST_KEY_UIStatusBarStyle[sdk=iphonesimulator*]" = UIStatusBarStyleDefault;
				INFOPLIST_KEY_UISupportedInterfaceOrientations_iPad = "UIInterfaceOrientationPortrait UIInterfaceOrientationPortraitUpsideDown UIInterfaceOrientationLandscapeLeft UIInterfaceOrientationLandscapeRight";
				INFOPLIST_KEY_UISupportedInterfaceOrientations_iPhone = "UIInterfaceOrientationPortrait UIInterfaceOrientationLandscapeLeft UIInterfaceOrientationLandscapeRight";
				IPHONEOS_DEPLOYMENT_TARGET = 17.5;
				LD_RUNPATH_SEARCH_PATHS = "@executable_path/Frameworks";
				"LD_RUNPATH_SEARCH_PATHS[sdk=macosx*]" = "@executable_path/../Frameworks";
				MACOSX_DEPLOYMENT_TARGET = 14.5;
				MARKETING_VERSION = 1.0;
				PRODUCT_BUNDLE_IDENTIFIER = lv.galenko.Cookademy;
				PRODUCT_NAME = "$(TARGET_NAME)";
				SDKROOT = auto;
				SUPPORTED_PLATFORMS = "iphoneos iphonesimulator macosx";
				SWIFT_EMIT_LOC_STRINGS = YES;
				SWIFT_VERSION = 5.0;
				TARGETED_DEVICE_FAMILY = "1,2";
			};
			name = Debug;
		};
		CA3CA4D42C99882400BC8C01 /* Release */ = {
			isa = XCBuildConfiguration;
			buildSettings = {
				ASSETCATALOG_COMPILER_APPICON_NAME = AppIcon;
				ASSETCATALOG_COMPILER_GLOBAL_ACCENT_COLOR_NAME = AccentColor;
				CODE_SIGN_ENTITLEMENTS = Cookademy/Cookademy.entitlements;
				CODE_SIGN_STYLE = Automatic;
				CURRENT_PROJECT_VERSION = 1;
				DEVELOPMENT_ASSET_PATHS = "\"Cookademy/Preview Content\"";
				DEVELOPMENT_TEAM = UC3956W482;
				ENABLE_HARDENED_RUNTIME = YES;
				ENABLE_PREVIEWS = YES;
				GENERATE_INFOPLIST_FILE = YES;
				"INFOPLIST_KEY_UIApplicationSceneManifest_Generation[sdk=iphoneos*]" = YES;
				"INFOPLIST_KEY_UIApplicationSceneManifest_Generation[sdk=iphonesimulator*]" = YES;
				"INFOPLIST_KEY_UIApplicationSupportsIndirectInputEvents[sdk=iphoneos*]" = YES;
				"INFOPLIST_KEY_UIApplicationSupportsIndirectInputEvents[sdk=iphonesimulator*]" = YES;
				"INFOPLIST_KEY_UILaunchScreen_Generation[sdk=iphoneos*]" = YES;
				"INFOPLIST_KEY_UILaunchScreen_Generation[sdk=iphonesimulator*]" = YES;
				"INFOPLIST_KEY_UIStatusBarStyle[sdk=iphoneos*]" = UIStatusBarStyleDefault;
				"INFOPLIST_KEY_UIStatusBarStyle[sdk=iphonesimulator*]" = UIStatusBarStyleDefault;
				INFOPLIST_KEY_UISupportedInterfaceOrientations_iPad = "UIInterfaceOrientationPortrait UIInterfaceOrientationPortraitUpsideDown UIInterfaceOrientationLandscapeLeft UIInterfaceOrientationLandscapeRight";
				INFOPLIST_KEY_UISupportedInterfaceOrientations_iPhone = "UIInterfaceOrientationPortrait UIInterfaceOrientationLandscapeLeft UIInterfaceOrientationLandscapeRight";
				IPHONEOS_DEPLOYMENT_TARGET = 17.5;
				LD_RUNPATH_SEARCH_PATHS = "@executable_path/Frameworks";
				"LD_RUNPATH_SEARCH_PATHS[sdk=macosx*]" = "@executable_path/../Frameworks";
				MACOSX_DEPLOYMENT_TARGET = 14.5;
				MARKETING_VERSION = 1.0;
				PRODUCT_BUNDLE_IDENTIFIER = lv.galenko.Cookademy;
				PRODUCT_NAME = "$(TARGET_NAME)";
				SDKROOT = auto;
				SUPPORTED_PLATFORMS = "iphoneos iphonesimulator macosx";
				SWIFT_EMIT_LOC_STRINGS = YES;
				SWIFT_VERSION = 5.0;
				TARGETED_DEVICE_FAMILY = "1,2";
			};
			name = Release;
		};
/* End XCBuildConfiguration section */

/* Begin XCConfigurationList section */
		CA3CA4BE2C99882400BC8C01 /* Build configuration list for PBXProject "Cookademy" */ = {
			isa = XCConfigurationList;
			buildConfigurations = (
				CA3CA4D02C99882400BC8C01 /* Debug */,
				CA3CA4D12C99882400BC8C01 /* Release */,
			);
			defaultConfigurationIsVisible = 0;
			defaultConfigurationName = Release;
		};
		CA3CA4D22C99882400BC8C01 /* Build configuration list for PBXNativeTarget "Cookademy" */ = {
			isa = XCConfigurationList;
			buildConfigurations = (
				CA3CA4D32C99882400BC8C01 /* Debug */,
				CA3CA4D42C99882400BC8C01 /* Release */,
			);
			defaultConfigurationIsVisible = 0;
			defaultConfigurationName = Release;
		};
/* End XCConfigurationList section */
	};
	rootObject = CA3CA4BB2C99882400BC8C01 /* Project object */;
}
